
Microsoft Visual Studio Solution File, Format Version 12.00
# Visual Studio Version 17
VisualStudioVersion = 17.14.36429.23
MinimumVisualStudioVersion = 10.0.40219.1
Project("{FAE04EC0-301F-11D3-BF4B-00C04F79EFBC}") = "UITestKit", "UITestKit\UITestKit.csproj", "{30625E04-4830-4E4A-BA88-707F6421CA3C}"
EndProject
Global
	GlobalSection(SolutionConfigurationPlatforms) = preSolution
		Debug|Any CPU = Debug|Any CPU
		Release|Any CPU = Release|Any CPU
	EndGlobalSection
	GlobalSection(ProjectConfigurationPlatforms) = postSolution
		{30625E04-4830-4E4A-BA88-707F6421CA3C}.Debug|Any CPU.ActiveCfg = Debug|Any CPU
		{30625E04-4830-4E4A-BA88-707F6421CA3C}.Debug|Any CPU.Build.0 = Debug|Any CPU
		{30625E04-4830-4E4A-BA88-707F6421CA3C}.Release|Any CPU.ActiveCfg = Release|Any CPU
		{30625E04-4830-4E4A-BA88-707F6421CA3C}.Release|Any CPU.Build.0 = Release|Any CPU
	EndGlobalSection
	GlobalSection(SolutionProperties) = preSolution
		HideSolutionNode = FALSE
	EndGlobalSection
	GlobalSection(ExtensibilityGlobals) = postSolution
		SolutionGuid = {526FD385-4B65-45B9-8064-5B598372F11E}
	EndGlobalSection
EndGlobal
