
Microsoft Visual Studio Solution File, Format Version 12.00
# Visual Studio Version 17
VisualStudioVersion = 17.14.36429.23 d17.14
MinimumVisualStudioVersion = 10.0.40219.1
Project("{FAE04EC0-301F-11D3-BF4B-00C04F79EFBC}") = "MiddlewareTool", "MiddlewareTool\MiddlewareTool.csproj", "{435FD29D-19AF-4129-B7D5-5C36A8942CD0}"
EndProject
Global
	GlobalSection(SolutionConfigurationPlatforms) = preSolution
		Debug|Any CPU = Debug|Any CPU
		Release|Any CPU = Release|Any CPU
	EndGlobalSection
	GlobalSection(ProjectConfigurationPlatforms) = postSolution
		{435FD29D-19AF-4129-B7D5-5C36A8942CD0}.Debug|Any CPU.ActiveCfg = Debug|Any CPU
		{435FD29D-19AF-4129-B7D5-5C36A8942CD0}.Debug|Any CPU.Build.0 = Debug|Any CPU
		{435FD29D-19AF-4129-B7D5-5C36A8942CD0}.Release|Any CPU.ActiveCfg = Release|Any CPU
		{435FD29D-19AF-4129-B7D5-5C36A8942CD0}.Release|Any CPU.Build.0 = Release|Any CPU
	EndGlobalSection
	GlobalSection(SolutionProperties) = preSolution
		HideSolutionNode = FALSE
	EndGlobalSection
	GlobalSection(ExtensibilityGlobals) = postSolution
		SolutionGuid = {ED8A9513-6E30-4740-BEAE-BA576BE28E6B}
	EndGlobalSection
EndGlobal
